
Microsoft Visual Studio Solution File, Format Version 12.00
# Visual Studio Version 17
VisualStudioVersion = 17.4.33213.308
MinimumVisualStudioVersion = 10.0.40219.1
Project("{8BC9CEB8-8B4A-11D0-8D11-00A0C91BC942}") = "OsnovniSlucaj", "OsnovniSlucaj\OsnovniSlucaj.vcxproj", "{4C454B56-A24E-48C8-941C-3B60B8810810}"
EndProject
Project("{8BC9CEB8-8B4A-11D0-8D11-00A0C91BC942}") = "NepostojecaKolicina", "NepostojecaKolicina\NepostojecaKolicina.vcxproj", "{94E1CB91-74E4-4C05-B221-E3180238E3EC}"
EndProject
Project("{8BC9CEB8-8B4A-11D0-8D11-00A0C91BC942}") = "NovProizvod", "NovProizvod\NovProizvod.vcxproj", "{3598019C-E439-40B9-8166-5A0101F9228A}"
EndProject
Project("{8BC9CEB8-8B4A-11D0-8D11-00A0C91BC942}") = "NepostojeciProizvod", "NepostojeciProizvod\NepostojeciProizvod.vcxproj", "{A53792A8-651D-49F3-AB54-EBB6147025A1}"
EndProject
Project("{8BC9CEB8-8B4A-11D0-8D11-00A0C91BC942}") = "SveobuhvatniSlucaj", "SveobuhvatniSlucaj\SveobuhvatniSlucaj.vcxproj", "{D8671688-25E2-4824-A87C-706471E9DC2B}"
EndProject
Global
	GlobalSection(SolutionConfigurationPlatforms) = preSolution
		Debug|x64 = Debug|x64
		Debug|x86 = Debug|x86
		Release|x64 = Release|x64
		Release|x86 = Release|x86
	EndGlobalSection
	GlobalSection(ProjectConfigurationPlatforms) = postSolution
		{4C454B56-A24E-48C8-941C-3B60B8810810}.Debug|x64.ActiveCfg = Debug|x64
		{4C454B56-A24E-48C8-941C-3B60B8810810}.Debug|x64.Build.0 = Debug|x64
		{4C454B56-A24E-48C8-941C-3B60B8810810}.Debug|x86.ActiveCfg = Debug|Win32
		{4C454B56-A24E-48C8-941C-3B60B8810810}.Debug|x86.Build.0 = Debug|Win32
		{4C454B56-A24E-48C8-941C-3B60B8810810}.Release|x64.ActiveCfg = Release|x64
		{4C454B56-A24E-48C8-941C-3B60B8810810}.Release|x64.Build.0 = Release|x64
		{4C454B56-A24E-48C8-941C-3B60B8810810}.Release|x86.ActiveCfg = Release|Win32
		{4C454B56-A24E-48C8-941C-3B60B8810810}.Release|x86.Build.0 = Release|Win32
		{94E1CB91-74E4-4C05-B221-E3180238E3EC}.Debug|x64.ActiveCfg = Debug|x64
		{94E1CB91-74E4-4C05-B221-E3180238E3EC}.Debug|x64.Build.0 = Debug|x64
		{94E1CB91-74E4-4C05-B221-E3180238E3EC}.Debug|x86.ActiveCfg = Debug|Win32
		{94E1CB91-74E4-4C05-B221-E3180238E3EC}.Debug|x86.Build.0 = Debug|Win32
		{94E1CB91-74E4-4C05-B221-E3180238E3EC}.Release|x64.ActiveCfg = Release|x64
		{94E1CB91-74E4-4C05-B221-E3180238E3EC}.Release|x64.Build.0 = Release|x64
		{94E1CB91-74E4-4C05-B221-E3180238E3EC}.Release|x86.ActiveCfg = Release|Win32
		{94E1CB91-74E4-4C05-B221-E3180238E3EC}.Release|x86.Build.0 = Release|Win32
		{3598019C-E439-40B9-8166-5A0101F9228A}.Debug|x64.ActiveCfg = Debug|x64
		{3598019C-E439-40B9-8166-5A0101F9228A}.Debug|x64.Build.0 = Debug|x64
		{3598019C-E439-40B9-8166-5A0101F9228A}.Debug|x86.ActiveCfg = Debug|Win32
		{3598019C-E439-40B9-8166-5A0101F9228A}.Debug|x86.Build.0 = Debug|Win32
		{3598019C-E439-40B9-8166-5A0101F9228A}.Release|x64.ActiveCfg = Release|x64
		{3598019C-E439-40B9-8166-5A0101F9228A}.Release|x64.Build.0 = Release|x64
		{3598019C-E439-40B9-8166-5A0101F9228A}.Release|x86.ActiveCfg = Release|Win32
		{3598019C-E439-40B9-8166-5A0101F9228A}.Release|x86.Build.0 = Release|Win32
		{A53792A8-651D-49F3-AB54-EBB6147025A1}.Debug|x64.ActiveCfg = Debug|x64
		{A53792A8-651D-49F3-AB54-EBB6147025A1}.Debug|x64.Build.0 = Debug|x64
		{A53792A8-651D-49F3-AB54-EBB6147025A1}.Debug|x86.ActiveCfg = Debug|Win32
		{A53792A8-651D-49F3-AB54-EBB6147025A1}.Debug|x86.Build.0 = Debug|Win32
		{A53792A8-651D-49F3-AB54-EBB6147025A1}.Release|x64.ActiveCfg = Release|x64
		{A53792A8-651D-49F3-AB54-EBB6147025A1}.Release|x64.Build.0 = Release|x64
		{A53792A8-651D-49F3-AB54-EBB6147025A1}.Release|x86.ActiveCfg = Release|Win32
		{A53792A8-651D-49F3-AB54-EBB6147025A1}.Release|x86.Build.0 = Release|Win32
		{D8671688-25E2-4824-A87C-706471E9DC2B}.Debug|x64.ActiveCfg = Debug|x64
		{D8671688-25E2-4824-A87C-706471E9DC2B}.Debug|x64.Build.0 = Debug|x64
		{D8671688-25E2-4824-A87C-706471E9DC2B}.Debug|x86.ActiveCfg = Debug|Win32
		{D8671688-25E2-4824-A87C-706471E9DC2B}.Debug|x86.Build.0 = Debug|Win32
		{D8671688-25E2-4824-A87C-706471E9DC2B}.Release|x64.ActiveCfg = Release|x64
		{D8671688-25E2-4824-A87C-706471E9DC2B}.Release|x64.Build.0 = Release|x64
		{D8671688-25E2-4824-A87C-706471E9DC2B}.Release|x86.ActiveCfg = Release|Win32
		{D8671688-25E2-4824-A87C-706471E9DC2B}.Release|x86.Build.0 = Release|Win32
	EndGlobalSection
	GlobalSection(SolutionProperties) = preSolution
		HideSolutionNode = FALSE
	EndGlobalSection
	GlobalSection(ExtensibilityGlobals) = postSolution
		SolutionGuid = {D75A9D24-6432-4DA1-B996-7D05025E6114}
	EndGlobalSection
EndGlobal
